# This file is automatically @generated by Cargo.
# It is not intended for manual editing.
[[package]]
name = "lazy_static"
version = "1.4.0"
source = "registry+https://github.com/rust-lang/crates.io-index"

[[package]]
name = "libc"
version = "0.2.62"
source = "registry+https://github.com/rust-lang/crates.io-index"

[[package]]
name = "raylib"
version = "0.9.1"
source = "registry+https://github.com/rust-lang/crates.io-index"
dependencies = [
 "lazy_static 1.4.0 (registry+https://github.com/rust-lang/crates.io-index)",
 "libc 0.2.62 (registry+https://github.com/rust-lang/crates.io-index)",
 "raylib-sys 0.9.2 (registry+https://github.com/rust-lang/crates.io-index)",
]

[[package]]
name = "raylib-sys"
version = "0.9.2"
source = "registry+https://github.com/rust-lang/crates.io-index"

[[package]]
name = "sa"
version = "0.1.0"
dependencies = [
 "raylib 0.9.1 (registry+https://github.com/rust-lang/crates.io-index)",
]

[metadata]
"checksum lazy_static 1.4.0 (registry+https://github.com/rust-lang/crates.io-index)" = "e2abad23fbc42b3700f2f279844dc832adb2b2eb069b2df918f455c4e18cc646"
"checksum libc 0.2.62 (registry+https://github.com/rust-lang/crates.io-index)" = "34fcd2c08d2f832f376f4173a231990fa5aef4e99fb569867318a227ef4c06ba"
"checksum raylib 0.9.1 (registry+https://github.com/rust-lang/crates.io-index)" = "10b9983d4eebca79e9d1fdfbaed23a823ab980426d64576dc2d96ab2c1bcf3a5"
"checksum raylib-sys 0.9.2 (registry+https://github.com/rust-lang/crates.io-index)" = "dcac7e3160abdbd05a331021e659ae6aaa93e15ecf1f22cde30e7369cdf62f8c"
